
Microsoft Visual Studio Solution File, Format Version 12.00
# Visual Studio Version 16
VisualStudioVersion = 16.0.31829.152
MinimumVisualStudioVersion = 10.0.40219.1
Project("{FAE04EC0-301F-11D3-BF4B-00C04F79EFBC}") = "LoopIteration", "LoopIteration.csproj", "{5E5A859A-1C1C-426D-AF8F-F8610F8B495D}"
EndProject
Global
	GlobalSection(SolutionConfigurationPlatforms) = preSolution
		Debug|Any CPU = Debug|Any CPU
		Release|Any CPU = Release|Any CPU
	EndGlobalSection
	GlobalSection(ProjectConfigurationPlatforms) = postSolution
		{5E5A859A-1C1C-426D-AF8F-F8610F8B495D}.Debug|Any CPU.ActiveCfg = Debug|Any CPU
		{5E5A859A-1C1C-426D-AF8F-F8610F8B495D}.Debug|Any CPU.Build.0 = Debug|Any CPU
		{5E5A859A-1C1C-426D-AF8F-F8610F8B495D}.Release|Any CPU.ActiveCfg = Release|Any CPU
		{5E5A859A-1C1C-426D-AF8F-F8610F8B495D}.Release|Any CPU.Build.0 = Release|Any CPU
	EndGlobalSection
	GlobalSection(SolutionProperties) = preSolution
		HideSolutionNode = FALSE
	EndGlobalSection
	GlobalSection(ExtensibilityGlobals) = postSolution
		SolutionGuid = {3808E892-FFA6-410E-BAB9-4828106ABB1C}
	EndGlobalSection
EndGlobal
