
Microsoft Visual Studio Solution File, Format Version 12.00
# Visual Studio Version 16
VisualStudioVersion = 16.0.31829.152
MinimumVisualStudioVersion = 10.0.40219.1
Project("{FAE04EC0-301F-11D3-BF4B-00C04F79EFBC}") = "VariablesAndDataTypes", "VariablesAndDataTypes.csproj", "{7489FD9B-EB2B-41C8-A4A8-8CAE69639C5F}"
EndProject
Global
	GlobalSection(SolutionConfigurationPlatforms) = preSolution
		Debug|Any CPU = Debug|Any CPU
		Release|Any CPU = Release|Any CPU
	EndGlobalSection
	GlobalSection(ProjectConfigurationPlatforms) = postSolution
		{7489FD9B-EB2B-41C8-A4A8-8CAE69639C5F}.Debug|Any CPU.ActiveCfg = Debug|Any CPU
		{7489FD9B-EB2B-41C8-A4A8-8CAE69639C5F}.Debug|Any CPU.Build.0 = Debug|Any CPU
		{7489FD9B-EB2B-41C8-A4A8-8CAE69639C5F}.Release|Any CPU.ActiveCfg = Release|Any CPU
		{7489FD9B-EB2B-41C8-A4A8-8CAE69639C5F}.Release|Any CPU.Build.0 = Release|Any CPU
	EndGlobalSection
	GlobalSection(SolutionProperties) = preSolution
		HideSolutionNode = FALSE
	EndGlobalSection
	GlobalSection(ExtensibilityGlobals) = postSolution
		SolutionGuid = {8236D53B-EE8D-4A74-AA36-AD33D69CDB72}
	EndGlobalSection
EndGlobal
