
Microsoft Visual Studio Solution File, Format Version 12.00
# Visual Studio Version 16
VisualStudioVersion = 16.0.31829.152
MinimumVisualStudioVersion = 10.0.40219.1
Project("{FAE04EC0-301F-11D3-BF4B-00C04F79EFBC}") = "MathOperation3", "MathOperation3.csproj", "{DA997A53-B99F-4312-B55F-FF483F60A387}"
EndProject
Global
	GlobalSection(SolutionConfigurationPlatforms) = preSolution
		Debug|Any CPU = Debug|Any CPU
		Release|Any CPU = Release|Any CPU
	EndGlobalSection
	GlobalSection(ProjectConfigurationPlatforms) = postSolution
		{DA997A53-B99F-4312-B55F-FF483F60A387}.Debug|Any CPU.ActiveCfg = Debug|Any CPU
		{DA997A53-B99F-4312-B55F-FF483F60A387}.Debug|Any CPU.Build.0 = Debug|Any CPU
		{DA997A53-B99F-4312-B55F-FF483F60A387}.Release|Any CPU.ActiveCfg = Release|Any CPU
		{DA997A53-B99F-4312-B55F-FF483F60A387}.Release|Any CPU.Build.0 = Release|Any CPU
	EndGlobalSection
	GlobalSection(SolutionProperties) = preSolution
		HideSolutionNode = FALSE
	EndGlobalSection
	GlobalSection(ExtensibilityGlobals) = postSolution
		SolutionGuid = {B50A3D89-BDF6-44B8-84DE-B863CCB8ECEE}
	EndGlobalSection
EndGlobal
