
Microsoft Visual Studio Solution File, Format Version 12.00
# Visual Studio Version 16
VisualStudioVersion = 16.0.31829.152
MinimumVisualStudioVersion = 10.0.40219.1
Project("{FAE04EC0-301F-11D3-BF4B-00C04F79EFBC}") = "WebformApp", "WebformApp.csproj", "{B42B9BC7-1608-4C71-99B8-7BA59362C22E}"
EndProject
Global
	GlobalSection(SolutionConfigurationPlatforms) = preSolution
		Debug|Any CPU = Debug|Any CPU
		Release|Any CPU = Release|Any CPU
	EndGlobalSection
	GlobalSection(ProjectConfigurationPlatforms) = postSolution
		{B42B9BC7-1608-4C71-99B8-7BA59362C22E}.Debug|Any CPU.ActiveCfg = Debug|Any CPU
		{B42B9BC7-1608-4C71-99B8-7BA59362C22E}.Debug|Any CPU.Build.0 = Debug|Any CPU
		{B42B9BC7-1608-4C71-99B8-7BA59362C22E}.Release|Any CPU.ActiveCfg = Release|Any CPU
		{B42B9BC7-1608-4C71-99B8-7BA59362C22E}.Release|Any CPU.Build.0 = Release|Any CPU
	EndGlobalSection
	GlobalSection(SolutionProperties) = preSolution
		HideSolutionNode = FALSE
	EndGlobalSection
	GlobalSection(ExtensibilityGlobals) = postSolution
		SolutionGuid = {46EF3BEE-F096-4BDD-AA0B-6E431170CED6}
	EndGlobalSection
EndGlobal
