
Microsoft Visual Studio Solution File, Format Version 12.00
# Visual Studio Version 16
VisualStudioVersion = 16.0.31829.152
MinimumVisualStudioVersion = 10.0.40219.1
Project("{FAE04EC0-301F-11D3-BF4B-00C04F79EFBC}") = "ConvertLength", "ConvertLength.csproj", "{5CA137D9-23D6-4BF0-A31C-09E11C62F0B3}"
EndProject
Global
	GlobalSection(SolutionConfigurationPlatforms) = preSolution
		Debug|Any CPU = Debug|Any CPU
		Release|Any CPU = Release|Any CPU
	EndGlobalSection
	GlobalSection(ProjectConfigurationPlatforms) = postSolution
		{5CA137D9-23D6-4BF0-A31C-09E11C62F0B3}.Debug|Any CPU.ActiveCfg = Debug|Any CPU
		{5CA137D9-23D6-4BF0-A31C-09E11C62F0B3}.Debug|Any CPU.Build.0 = Debug|Any CPU
		{5CA137D9-23D6-4BF0-A31C-09E11C62F0B3}.Release|Any CPU.ActiveCfg = Release|Any CPU
		{5CA137D9-23D6-4BF0-A31C-09E11C62F0B3}.Release|Any CPU.Build.0 = Release|Any CPU
	EndGlobalSection
	GlobalSection(SolutionProperties) = preSolution
		HideSolutionNode = FALSE
	EndGlobalSection
	GlobalSection(ExtensibilityGlobals) = postSolution
		SolutionGuid = {EB4E403D-8045-4EB0-AB22-678DBAD24FD6}
	EndGlobalSection
EndGlobal
