
Microsoft Visual Studio Solution File, Format Version 12.00
# Visual Studio Version 16
VisualStudioVersion = 16.0.31829.152
MinimumVisualStudioVersion = 10.0.40219.1
Project("{FAE04EC0-301F-11D3-BF4B-00C04F79EFBC}") = "Enums", "Enums.csproj", "{773BEDC6-2FBF-4C55-9347-6041F6AAD1F9}"
EndProject
Global
	GlobalSection(SolutionConfigurationPlatforms) = preSolution
		Debug|Any CPU = Debug|Any CPU
		Release|Any CPU = Release|Any CPU
	EndGlobalSection
	GlobalSection(ProjectConfigurationPlatforms) = postSolution
		{773BEDC6-2FBF-4C55-9347-6041F6AAD1F9}.Debug|Any CPU.ActiveCfg = Debug|Any CPU
		{773BEDC6-2FBF-4C55-9347-6041F6AAD1F9}.Debug|Any CPU.Build.0 = Debug|Any CPU
		{773BEDC6-2FBF-4C55-9347-6041F6AAD1F9}.Release|Any CPU.ActiveCfg = Release|Any CPU
		{773BEDC6-2FBF-4C55-9347-6041F6AAD1F9}.Release|Any CPU.Build.0 = Release|Any CPU
	EndGlobalSection
	GlobalSection(SolutionProperties) = preSolution
		HideSolutionNode = FALSE
	EndGlobalSection
	GlobalSection(ExtensibilityGlobals) = postSolution
		SolutionGuid = {7641E68D-443A-4665-9786-FBA92F4F9188}
	EndGlobalSection
EndGlobal
